Microsoft Visual Studio Solution File, Format Version 12.00
# Visual Studio Version 16
VisualStudioVersion = 16.0.29613.14
MinimumVisualStudioVersion = 10.0.40219.1
Project("{9A19103F-16F7-4668-BE54-9A1E7A4F7556}") = "MHTMLBuilder", "MHTMLBuilder\MHTMLBuilder.csproj", "{D5BEF2DA-C603-4D26-8871-00B21E98B18C}"
EndProject
Project("{9A19103F-16F7-4668-BE54-9A1E7A4F7556}") = "MHTMLBuilder.CustomException", "MHTMLBuilder.CustomException\MHTMLBuilder.CustomException.csproj", "{2ADA613F-0836-4B38-84F3-E4AB7A5938D1}"
EndProject
Project("{9A19103F-16F7-4668-BE54-9A1E7A4F7556}") = "MHTMLBuilder.CustomExceptionEnumerators", "MHTMLBuilder.CustomExceptionEnumerators\MHTMLBuilder.CustomExceptionEnumerators.csproj", "{709313DE-228B-47CC-828B-134BAFB11067}"
EndProject
Project("{9A19103F-16F7-4668-BE54-9A1E7A4F7556}") = "MHTMLBuilder.Tests", "MHTMLBuilder.Tests\MHTMLBuilder.Tests.csproj", "{EC179D0A-63A2-4C60-9F56-CC952A54EEFD}"
EndProject
Project("{9A19103F-16F7-4668-BE54-9A1E7A4F7556}") = "MHTMLBuilder.Demo", "MHTMLBuilder.Demo\MHTMLBuilder.Demo.csproj", "{C04D59F4-BF5E-4DA3-AF33-A4F7F4128DE2}"
EndProject
Project("{FAE04EC0-301F-11D3-BF4B-00C04F79EFBC}") = "MHTMLBuilder.ConsoleApp", "MHTMLBuilder.ConsoleApp\MHTMLBuilder.ConsoleApp.csproj", "{7439D66C-06AE-488C-A616-571BE2F0F3C8}"
EndProject
Global
	GlobalSection(SolutionConfigurationPlatforms) = preSolution
		Debug|Any CPU = Debug|Any CPU
		Release|Any CPU = Release|Any CPU
	EndGlobalSection
	GlobalSection(ProjectConfigurationPlatforms) = postSolution
		{D5BEF2DA-C603-4D26-8871-00B21E98B18C}.Debug|Any CPU.ActiveCfg = Debug|Any CPU
		{D5BEF2DA-C603-4D26-8871-00B21E98B18C}.Debug|Any CPU.Build.0 = Debug|Any CPU
		{D5BEF2DA-C603-4D26-8871-00B21E98B18C}.Release|Any CPU.ActiveCfg = Release|Any CPU
		{D5BEF2DA-C603-4D26-8871-00B21E98B18C}.Release|Any CPU.Build.0 = Release|Any CPU
		{2ADA613F-0836-4B38-84F3-E4AB7A5938D1}.Debug|Any CPU.ActiveCfg = Debug|Any CPU
		{2ADA613F-0836-4B38-84F3-E4AB7A5938D1}.Debug|Any CPU.Build.0 = Debug|Any CPU
		{2ADA613F-0836-4B38-84F3-E4AB7A5938D1}.Release|Any CPU.ActiveCfg = Release|Any CPU
		{2ADA613F-0836-4B38-84F3-E4AB7A5938D1}.Release|Any CPU.Build.0 = Release|Any CPU
		{709313DE-228B-47CC-828B-134BAFB11067}.Debug|Any CPU.ActiveCfg = Debug|Any CPU
		{709313DE-228B-47CC-828B-134BAFB11067}.Debug|Any CPU.Build.0 = Debug|Any CPU
		{709313DE-228B-47CC-828B-134BAFB11067}.Release|Any CPU.ActiveCfg = Release|Any CPU
		{709313DE-228B-47CC-828B-134BAFB11067}.Release|Any CPU.Build.0 = Release|Any CPU
		{EC179D0A-63A2-4C60-9F56-CC952A54EEFD}.Debug|Any CPU.ActiveCfg = Debug|Any CPU
		{EC179D0A-63A2-4C60-9F56-CC952A54EEFD}.Debug|Any CPU.Build.0 = Debug|Any CPU
		{EC179D0A-63A2-4C60-9F56-CC952A54EEFD}.Release|Any CPU.ActiveCfg = Release|Any CPU
		{EC179D0A-63A2-4C60-9F56-CC952A54EEFD}.Release|Any CPU.Build.0 = Release|Any CPU
		{C04D59F4-BF5E-4DA3-AF33-A4F7F4128DE2}.Debug|Any CPU.ActiveCfg = Debug|Any CPU
		{C04D59F4-BF5E-4DA3-AF33-A4F7F4128DE2}.Debug|Any CPU.Build.0 = Debug|Any CPU
		{C04D59F4-BF5E-4DA3-AF33-A4F7F4128DE2}.Release|Any CPU.ActiveCfg = Release|Any CPU
		{C04D59F4-BF5E-4DA3-AF33-A4F7F4128DE2}.Release|Any CPU.Build.0 = Release|Any CPU
		{7439D66C-06AE-488C-A616-571BE2F0F3C8}.Debug|Any CPU.ActiveCfg = Debug|Any CPU
		{7439D66C-06AE-488C-A616-571BE2F0F3C8}.Debug|Any CPU.Build.0 = Debug|Any CPU
		{7439D66C-06AE-488C-A616-571BE2F0F3C8}.Release|Any CPU.ActiveCfg = Release|Any CPU
		{7439D66C-06AE-488C-A616-571BE2F0F3C8}.Release|Any CPU.Build.0 = Release|Any CPU
	EndGlobalSection
	GlobalSection(SolutionProperties) = preSolution
		HideSolutionNode = FALSE
	EndGlobalSection
	GlobalSection(ExtensibilityGlobals) = postSolution
		SolutionGuid = {D1DE2181-AAD6-4D79-909C-60360C7D127F}
	EndGlobalSection
EndGlobal
